// !$*UTF8*$!
{
	archiveVersion = 1;
	classes = {
	};
	objectVersion = 56;
	objects = {

/* Begin PBXBuildFile section */
		342CE4882C5B92BA004C3774 /* TestPhotoEditorFirebaseApp.swift in Sources */ = {isa = PBXBuildFile; fileRef = 342CE4872C5B92BA004C3774 /* TestPhotoEditorFirebaseApp.swift */; };
		342CE48C2C5B92BB004C3774 /* Assets.xcassets in Resources */ = {isa = PBXBuildFile; fileRef = 342CE48B2C5B92BB004C3774 /* Assets.xcassets */; };
		342CE48F2C5B92BB004C3774 /* Preview Assets.xcassets in Resources */ = {isa = PBXBuildFile; fileRef = 342CE48E2C5B92BB004C3774 /* Preview Assets.xcassets */; };
		342CE4972C5B93FA004C3774 /* GoogleSignIn in Frameworks */ = {isa = PBXBuildFile; productRef = 342CE4962C5B93FA004C3774 /* GoogleSignIn */; };
		342CE4992C5B93FA004C3774 /* GoogleSignInSwift in Frameworks */ = {isa = PBXBuildFile; productRef = 342CE4982C5B93FA004C3774 /* GoogleSignInSwift */; };
		342CE49C2C5B942B004C3774 /* FirebaseAnalytics in Frameworks */ = {isa = PBXBuildFile; productRef = 342CE49B2C5B942B004C3774 /* FirebaseAnalytics */; };
		342CE49E2C5B942B004C3774 /* FirebaseAuth in Frameworks */ = {isa = PBXBuildFile; productRef = 342CE49D2C5B942B004C3774 /* FirebaseAuth */; };
		342CE4A02C5B965C004C3774 /* GoogleService-Info.plist in Resources */ = {isa = PBXBuildFile; fileRef = 342CE49F2C5B965C004C3774 /* GoogleService-Info.plist */; };
		342CE4AC2C5B9923004C3774 /* Extensions.swift in Sources */ = {isa = PBXBuildFile; fileRef = 342CE4AB2C5B9923004C3774 /* Extensions.swift */; };
		342CE4AE2C5B9A18004C3774 /* MainView.swift in Sources */ = {isa = PBXBuildFile; fileRef = 342CE4AD2C5B9A18004C3774 /* MainView.swift */; };
		342CE4B22C5B9A3E004C3774 /* HomeView.swift in Sources */ = {isa = PBXBuildFile; fileRef = 342CE4B12C5B9A3E004C3774 /* HomeView.swift */; };
		342CE4B42C5B9A5B004C3774 /* LoginView.swift in Sources */ = {isa = PBXBuildFile; fileRef = 342CE4B32C5B9A5B004C3774 /* LoginView.swift */; };
		342CE4B62C5B9A70004C3774 /* SignUpView.swift in Sources */ = {isa = PBXBuildFile; fileRef = 342CE4B52C5B9A70004C3774 /* SignUpView.swift */; };
		342CE4B82C5B9A85004C3774 /* ResetPasswordView.swift in Sources */ = {isa = PBXBuildFile; fileRef = 342CE4B72C5B9A85004C3774 /* ResetPasswordView.swift */; };
		342CE4BA2C5B9AA9004C3774 /* PhotoPickerView.swift in Sources */ = {isa = PBXBuildFile; fileRef = 342CE4B92C5B9AA9004C3774 /* PhotoPickerView.swift */; };
		342CE4C22C5B9BBB004C3774 /* LoginHeader.swift in Sources */ = {isa = PBXBuildFile; fileRef = 342CE4C12C5B9BBB004C3774 /* LoginHeader.swift */; };
		342CE4C42C5B9BFB004C3774 /* GoogleSigInButtonCustom.swift in Sources */ = {isa = PBXBuildFile; fileRef = 342CE4C32C5B9BFB004C3774 /* GoogleSigInButtonCustom.swift */; };
		342CE4C62C5B9C51004C3774 /* CustomTextfield.swift in Sources */ = {isa = PBXBuildFile; fileRef = 342CE4C52C5B9C51004C3774 /* CustomTextfield.swift */; };
		342CE4CA2C5BA1FB004C3774 /* AuthenticationManager.swift in Sources */ = {isa = PBXBuildFile; fileRef = 342CE4C92C5BA1FB004C3774 /* AuthenticationManager.swift */; };
		342CE4CC2C5BA22F004C3774 /* SignInWithGoogleHelper.swift in Sources */ = {isa = PBXBuildFile; fileRef = 342CE4CB2C5BA22F004C3774 /* SignInWithGoogleHelper.swift */; };
		342CE4CE2C5BA289004C3774 /* Utilities.swift in Sources */ = {isa = PBXBuildFile; fileRef = 342CE4CD2C5BA289004C3774 /* Utilities.swift */; };
		3442EB432C5E3D7500689B7B /* ContentView.swift in Sources */ = {isa = PBXBuildFile; fileRef = 3442EB422C5E3D7500689B7B /* ContentView.swift */; };
		34C263FA2C5C22E00022412F /* AlertsCustom.swift in Sources */ = {isa = PBXBuildFile; fileRef = 34C263F92C5C22E00022412F /* AlertsCustom.swift */; };
		34F594DF2C5BDA0700ABACB1 /* EmailSignInButtonCustom.swift in Sources */ = {isa = PBXBuildFile; fileRef = 34F594DE2C5BDA0700ABACB1 /* EmailSignInButtonCustom.swift */; };
/* End PBXBuildFile section */

/* Begin PBXFileReference section */
		342CE4842C5B92BA004C3774 /* TestPhotoEditorFirebase.app */ = {isa = PBXFileReference; explicitFileType = wrapper.application; includeInIndex = 0; path = TestPhotoEditorFirebase.app; sourceTree = BUILT_PRODUCTS_DIR; };
		342CE4872C5B92BA004C3774 /* TestPhotoEditorFirebaseApp.swift */ = {isa = PBXFileReference; lastKnownFileType = sourcecode.swift; path = TestPhotoEditorFirebaseApp.swift; sourceTree = "<group>"; };
		342CE48B2C5B92BB004C3774 /* Assets.xcassets */ = {isa = PBXFileReference; lastKnownFileType = folder.assetcatalog; path = Assets.xcassets; sourceTree = "<group>"; };
		342CE48E2C5B92BB004C3774 /* Preview Assets.xcassets */ = {isa = PBXFileReference; lastKnownFileType = folder.assetcatalog; path = "Preview Assets.xcassets"; sourceTree = "<group>"; };
		342CE49F2C5B965C004C3774 /* GoogleService-Info.plist */ = {isa = PBXFileReference; fileEncoding = 4; lastKnownFileType = text.plist.xml; path = "GoogleService-Info.plist"; sourceTree = "<group>"; };
		342CE4A12C5B974F004C3774 /* Info.plist */ = {isa = PBXFileReference; lastKnownFileType = text.plist.xml; path = Info.plist; sourceTree = "<group>"; };
		342CE4AB2C5B9923004C3774 /* Extensions.swift */ = {isa = PBXFileReference; lastKnownFileType = sourcecode.swift; path = Extensions.swift; sourceTree = "<group>"; };
		342CE4AD2C5B9A18004C3774 /* MainView.swift */ = {isa = PBXFileReference; lastKnownFileType = sourcecode.swift; path = MainView.swift; sourceTree = "<group>"; };
		342CE4B12C5B9A3E004C3774 /* HomeView.swift */ = {isa = PBXFileReference; lastKnownFileType = sourcecode.swift; path = HomeView.swift; sourceTree = "<group>"; };
		342CE4B32C5B9A5B004C3774 /* LoginView.swift */ = {isa = PBXFileReference; lastKnownFileType = sourcecode.swift; path = LoginView.swift; sourceTree = "<group>"; };
		342CE4B52C5B9A70004C3774 /* SignUpView.swift */ = {isa = PBXFileReference; lastKnownFileType = sourcecode.swift; path = SignUpView.swift; sourceTree = "<group>"; };
		342CE4B72C5B9A85004C3774 /* ResetPasswordView.swift */ = {isa = PBXFileReference; lastKnownFileType = sourcecode.swift; path = ResetPasswordView.swift; sourceTree = "<group>"; };
		342CE4B92C5B9AA9004C3774 /* PhotoPickerView.swift */ = {isa = PBXFileReference; lastKnownFileType = sourcecode.swift; path = PhotoPickerView.swift; sourceTree = "<group>"; };
		342CE4C12C5B9BBB004C3774 /* LoginHeader.swift */ = {isa = PBXFileReference; lastKnownFileType = sourcecode.swift; path = LoginHeader.swift; sourceTree = "<group>"; };
		342CE4C32C5B9BFB004C3774 /* GoogleSigInButtonCustom.swift */ = {isa = PBXFileReference; lastKnownFileType = sourcecode.swift; path = GoogleSigInButtonCustom.swift; sourceTree = "<group>"; };
		342CE4C52C5B9C51004C3774 /* CustomTextfield.swift */ = {isa = PBXFileReference; lastKnownFileType = sourcecode.swift; path = CustomTextfield.swift; sourceTree = "<group>"; };
		342CE4C92C5BA1FB004C3774 /* AuthenticationManager.swift */ = {isa = PBXFileReference; lastKnownFileType = sourcecode.swift; path = AuthenticationManager.swift; sourceTree = "<group>"; };
		342CE4CB2C5BA22F004C3774 /* SignInWithGoogleHelper.swift */ = {isa = PBXFileReference; lastKnownFileType = sourcecode.swift; path = SignInWithGoogleHelper.swift; sourceTree = "<group>"; };
		342CE4CD2C5BA289004C3774 /* Utilities.swift */ = {isa = PBXFileReference; lastKnownFileType = sourcecode.swift; path = Utilities.swift; sourceTree = "<group>"; };
		3442EB422C5E3D7500689B7B /* ContentView.swift */ = {isa = PBXFileReference; lastKnownFileType = sourcecode.swift; path = ContentView.swift; sourceTree = "<group>"; };
		34C263F92C5C22E00022412F /* AlertsCustom.swift */ = {isa = PBXFileReference; lastKnownFileType = sourcecode.swift; path = AlertsCustom.swift; sourceTree = "<group>"; };
		34F594DE2C5BDA0700ABACB1 /* EmailSignInButtonCustom.swift */ = {isa = PBXFileReference; lastKnownFileType = sourcecode.swift; path = EmailSignInButtonCustom.swift; sourceTree = "<group>"; };
/* End PBXFileReference section */

/* Begin PBXFrameworksBuildPhase section */
		342CE4812C5B92BA004C3774 /* Frameworks */ = {
			isa = PBXFrameworksBuildPhase;
			buildActionMask = 2147483647;
			files = (
				342CE4972C5B93FA004C3774 /* GoogleSignIn in Frameworks */,
				342CE4992C5B93FA004C3774 /* GoogleSignInSwift in Frameworks */,
				342CE49C2C5B942B004C3774 /* FirebaseAnalytics in Frameworks */,
				342CE49E2C5B942B004C3774 /* FirebaseAuth in Frameworks */,
			);
			runOnlyForDeploymentPostprocessing = 0;
		};
/* End PBXFrameworksBuildPhase section */

/* Begin PBXGroup section */
		342CE47B2C5B92BA004C3774 = {
			isa = PBXGroup;
			children = (
				342CE4862C5B92BA004C3774 /* TestPhotoEditorFirebase */,
				342CE4852C5B92BA004C3774 /* Products */,
			);
			sourceTree = "<group>";
		};
		342CE4852C5B92BA004C3774 /* Products */ = {
			isa = PBXGroup;
			children = (
				342CE4842C5B92BA004C3774 /* TestPhotoEditorFirebase.app */,
			);
			name = Products;
			sourceTree = "<group>";
		};
		342CE4862C5B92BA004C3774 /* TestPhotoEditorFirebase */ = {
			isa = PBXGroup;
			children = (
				342CE4872C5B92BA004C3774 /* TestPhotoEditorFirebaseApp.swift */,
				3442EB422C5E3D7500689B7B /* ContentView.swift */,
				342CE4A72C5B9899004C3774 /* Managers */,
				342CE4A22C5B984C004C3774 /* Model */,
				342CE4A32C5B9856004C3774 /* ViewModel */,
				342CE4A42C5B9862004C3774 /* View */,
				342CE4A82C5B98A0004C3774 /* Components */,
				342CE4AA2C5B98EC004C3774 /* Extensions */,
				342CE4A92C5B98AC004C3774 /* Utilites */,
				342CE4A12C5B974F004C3774 /* Info.plist */,
				342CE48D2C5B92BB004C3774 /* Preview Content */,
			);
			path = TestPhotoEditorFirebase;
			sourceTree = "<group>";
		};
		342CE48D2C5B92BB004C3774 /* Preview Content */ = {
			isa = PBXGroup;
			children = (
				342CE48E2C5B92BB004C3774 /* Preview Assets.xcassets */,
			);
			path = "Preview Content";
			sourceTree = "<group>";
		};
		342CE4A22C5B984C004C3774 /* Model */ = {
			isa = PBXGroup;
			children = (
			);
			path = Model;
			sourceTree = "<group>";
		};
		342CE4A32C5B9856004C3774 /* ViewModel */ = {
			isa = PBXGroup;
			children = (
			);
			path = ViewModel;
			sourceTree = "<group>";
		};
		342CE4A42C5B9862004C3774 /* View */ = {
			isa = PBXGroup;
			children = (
				342CE4A52C5B9871004C3774 /* MainView */,
				342CE4A62C5B9878004C3774 /* SecondaryView */,
			);
			path = View;
			sourceTree = "<group>";
		};
		342CE4A52C5B9871004C3774 /* MainView */ = {
			isa = PBXGroup;
			children = (
				342CE4AD2C5B9A18004C3774 /* MainView.swift */,
				342CE4B12C5B9A3E004C3774 /* HomeView.swift */,
			);
			path = MainView;
			sourceTree = "<group>";
		};
		342CE4A62C5B9878004C3774 /* SecondaryView */ = {
			isa = PBXGroup;
			children = (
				342CE4B32C5B9A5B004C3774 /* LoginView.swift */,
				342CE4B52C5B9A70004C3774 /* SignUpView.swift */,
				342CE4B72C5B9A85004C3774 /* ResetPasswordView.swift */,
				342CE4B92C5B9AA9004C3774 /* PhotoPickerView.swift */,
			);
			path = SecondaryView;
			sourceTree = "<group>";
		};
		342CE4A72C5B9899004C3774 /* Managers */ = {
			isa = PBXGroup;
			children = (
				342CE4C92C5BA1FB004C3774 /* AuthenticationManager.swift */,
				342CE4CB2C5BA22F004C3774 /* SignInWithGoogleHelper.swift */,
				34C263F92C5C22E00022412F /* AlertsCustom.swift */,
			);
			path = Managers;
			sourceTree = "<group>";
		};
		342CE4A82C5B98A0004C3774 /* Components */ = {
			isa = PBXGroup;
			children = (
				342CE4C12C5B9BBB004C3774 /* LoginHeader.swift */,
				342CE4C32C5B9BFB004C3774 /* GoogleSigInButtonCustom.swift */,
				34F594DE2C5BDA0700ABACB1 /* EmailSignInButtonCustom.swift */,
				342CE4C52C5B9C51004C3774 /* CustomTextfield.swift */,
			);
			path = Components;
			sourceTree = "<group>";
		};
		342CE4A92C5B98AC004C3774 /* Utilites */ = {
			isa = PBXGroup;
			children = (
				342CE49F2C5B965C004C3774 /* GoogleService-Info.plist */,
				342CE48B2C5B92BB004C3774 /* Assets.xcassets */,
				342CE4CD2C5BA289004C3774 /* Utilities.swift */,
			);
			path = Utilites;
			sourceTree = "<group>";
		};
		342CE4AA2C5B98EC004C3774 /* Extensions */ = {
			isa = PBXGroup;
			children = (
				342CE4AB2C5B9923004C3774 /* Extensions.swift */,
			);
			path = Extensions;
			sourceTree = "<group>";
		};
/* End PBXGroup section */

/* Begin PBXNativeTarget section */
		342CE4832C5B92BA004C3774 /* TestPhotoEditorFirebase */ = {
			isa = PBXNativeTarget;
			buildConfigurationList = 342CE4922C5B92BB004C3774 /* Build configuration list for PBXNativeTarget "TestPhotoEditorFirebase" */;
			buildPhases = (
				342CE4802C5B92BA004C3774 /* Sources */,
				342CE4812C5B92BA004C3774 /* Frameworks */,
				342CE4822C5B92BA004C3774 /* Resources */,
			);
			buildRules = (
			);
			dependencies = (
			);
			name = TestPhotoEditorFirebase;
			packageProductDependencies = (
				342CE4962C5B93FA004C3774 /* GoogleSignIn */,
				342CE4982C5B93FA004C3774 /* GoogleSignInSwift */,
				342CE49B2C5B942B004C3774 /* FirebaseAnalytics */,
				342CE49D2C5B942B004C3774 /* FirebaseAuth */,
			);
			productName = TestPhotoEditorFirebase;
			productReference = 342CE4842C5B92BA004C3774 /* TestPhotoEditorFirebase.app */;
			productType = "com.apple.product-type.application";
		};
/* End PBXNativeTarget section */

/* Begin PBXProject section */
		342CE47C2C5B92BA004C3774 /* Project object */ = {
			isa = PBXProject;
			attributes = {
				BuildIndependentTargetsInParallel = 1;
				LastSwiftUpdateCheck = 1540;
				LastUpgradeCheck = 1540;
				TargetAttributes = {
					342CE4832C5B92BA004C3774 = {
						CreatedOnToolsVersion = 15.4;
					};
				};
			};
			buildConfigurationList = 342CE47F2C5B92BA004C3774 /* Build configuration list for PBXProject "TestPhotoEditorFirebase" */;
			compatibilityVersion = "Xcode 14.0";
			developmentRegion = en;
			hasScannedForEncodings = 0;
			knownRegions = (
				en,
				Base,
			);
			mainGroup = 342CE47B2C5B92BA004C3774;
			packageReferences = (
				342CE4952C5B93FA004C3774 /* XCRemoteSwiftPackageReference "GoogleSignIn-iOS" */,
				342CE49A2C5B942B004C3774 /* XCRemoteSwiftPackageReference "firebase-ios-sdk" */,
			);
			productRefGroup = 342CE4852C5B92BA004C3774 /* Products */;
			projectDirPath = "";
			projectRoot = "";
			targets = (
				342CE4832C5B92BA004C3774 /* TestPhotoEditorFirebase */,
			);
		};
/* End PBXProject section */

/* Begin PBXResourcesBuildPhase section */
		342CE4822C5B92BA004C3774 /* Resources */ = {
			isa = PBXResourcesBuildPhase;
			buildActionMask = 2147483647;
			files = (
				342CE48F2C5B92BB004C3774 /* Preview Assets.xcassets in Resources */,
				342CE48C2C5B92BB004C3774 /* Assets.xcassets in Resources */,
				342CE4A02C5B965C004C3774 /* GoogleService-Info.plist in Resources */,
			);
			runOnlyForDeploymentPostprocessing = 0;
		};
/* End PBXResourcesBuildPhase section */

/* Begin PBXSourcesBuildPhase section */
		342CE4802C5B92BA004C3774 /* Sources */ = {
			isa = PBXSourcesBuildPhase;
			buildActionMask = 2147483647;
			files = (
				34C263FA2C5C22E00022412F /* AlertsCustom.swift in Sources */,
				342CE4C62C5B9C51004C3774 /* CustomTextfield.swift in Sources */,
				3442EB432C5E3D7500689B7B /* ContentView.swift in Sources */,
				342CE4B42C5B9A5B004C3774 /* LoginView.swift in Sources */,
				342CE4CA2C5BA1FB004C3774 /* AuthenticationManager.swift in Sources */,
				342CE4AE2C5B9A18004C3774 /* MainView.swift in Sources */,
				342CE4B82C5B9A85004C3774 /* ResetPasswordView.swift in Sources */,
				342CE4BA2C5B9AA9004C3774 /* PhotoPickerView.swift in Sources */,
				342CE4CC2C5BA22F004C3774 /* SignInWithGoogleHelper.swift in Sources */,
				342CE4B62C5B9A70004C3774 /* SignUpView.swift in Sources */,
				342CE4CE2C5BA289004C3774 /* Utilities.swift in Sources */,
				342CE4AC2C5B9923004C3774 /* Extensions.swift in Sources */,
				34F594DF2C5BDA0700ABACB1 /* EmailSignInButtonCustom.swift in Sources */,
				342CE4B22C5B9A3E004C3774 /* HomeView.swift in Sources */,
				342CE4C42C5B9BFB004C3774 /* GoogleSigInButtonCustom.swift in Sources */,
				342CE4C22C5B9BBB004C3774 /* LoginHeader.swift in Sources */,
				342CE4882C5B92BA004C3774 /* TestPhotoEditorFirebaseApp.swift in Sources */,
			);
			runOnlyForDeploymentPostprocessing = 0;
		};
/* End PBXSourcesBuildPhase section */

/* Begin XCBuildConfiguration section */
		342CE4902C5B92BB004C3774 /* Debug */ = {
			isa = XCBuildConfiguration;
			buildSettings = {
				ALWAYS_SEARCH_USER_PATHS = NO;
				ASSETCATALOG_COMPILER_GENERATE_SWIFT_ASSET_SYMBOL_EXTENSIONS = YES;
				CLANG_ANALYZER_NONNULL = YES;
				CLANG_ANALYZER_NUMBER_OBJECT_CONVERSION = YES_AGGRESSIVE;
				CLANG_CXX_LANGUAGE_STANDARD = "gnu++20";
				CLANG_ENABLE_MODULES = YES;
				CLANG_ENABLE_OBJC_ARC = YES;
				CLANG_ENABLE_OBJC_WEAK = YES;
				CLANG_WARN_BLOCK_CAPTURE_AUTORELEASING = YES;
				CLANG_WARN_BOOL_CONVERSION = YES;
				CLANG_WARN_COMMA = YES;
				CLANG_WARN_CONSTANT_CONVERSION = YES;
				CLANG_WARN_DEPRECATED_OBJC_IMPLEMENTATIONS = YES;
				CLANG_WARN_DIRECT_OBJC_ISA_USAGE = YES_ERROR;
				CLANG_WARN_DOCUMENTATION_COMMENTS = YES;
				CLANG_WARN_EMPTY_BODY = YES;
				CLANG_WARN_ENUM_CONVERSION = YES;
				CLANG_WARN_INFINITE_RECURSION = YES;
				CLANG_WARN_INT_CONVERSION = YES;
				CLANG_WARN_NON_LITERAL_NULL_CONVERSION = YES;
				CLANG_WARN_OBJC_IMPLICIT_RETAIN_SELF = YES;
				CLANG_WARN_OBJC_LITERAL_CONVERSION = YES;
				CLANG_WARN_OBJC_ROOT_CLASS = YES_ERROR;
				CLANG_WARN_QUOTED_INCLUDE_IN_FRAMEWORK_HEADER = YES;
				CLANG_WARN_RANGE_LOOP_ANALYSIS = YES;
				CLANG_WARN_STRICT_PROTOTYPES = YES;
				CLANG_WARN_SUSPICIOUS_MOVE = YES;
				CLANG_WARN_UNGUARDED_AVAILABILITY = YES_AGGRESSIVE;
				CLANG_WARN_UNREACHABLE_CODE = YES;
				CLANG_WARN__DUPLICATE_METHOD_MATCH = YES;
				COPY_PHASE_STRIP = NO;
				DEBUG_INFORMATION_FORMAT = dwarf;
				ENABLE_STRICT_OBJC_MSGSEND = YES;
				ENABLE_TESTABILITY = YES;
				ENABLE_USER_SCRIPT_SANDBOXING = YES;
				GCC_C_LANGUAGE_STANDARD = gnu17;
				GCC_DYNAMIC_NO_PIC = NO;
				GCC_NO_COMMON_BLOCKS = YES;
				GCC_OPTIMIZATION_LEVEL = 0;
				GCC_PREPROCESSOR_DEFINITIONS = (
					"DEBUG=1",
					"$(inherited)",
				);
				GCC_WARN_64_TO_32_BIT_CONVERSION = YES;
				GCC_WARN_ABOUT_RETURN_TYPE = YES_ERROR;
				GCC_WARN_UNDECLARED_SELECTOR = YES;
				GCC_WARN_UNINITIALIZED_AUTOS = YES_AGGRESSIVE;
				GCC_WARN_UNUSED_FUNCTION = YES;
				GCC_WARN_UNUSED_VARIABLE = YES;
				IPHONEOS_DEPLOYMENT_TARGET = 17.5;
				LOCALIZATION_PREFERS_STRING_CATALOGS = YES;
				MTL_ENABLE_DEBUG_INFO = INCLUDE_SOURCE;
				MTL_FAST_MATH = YES;
				ONLY_ACTIVE_ARCH = YES;
				SDKROOT = iphoneos;
				SWIFT_ACTIVE_COMPILATION_CONDITIONS = "DEBUG $(inherited)";
				SWIFT_OPTIMIZATION_LEVEL = "-Onone";
			};
			name = Debug;
		};
		342CE4912C5B92BB004C3774 /* Release */ = {
			isa = XCBuildConfiguration;
			buildSettings = {
				ALWAYS_SEARCH_USER_PATHS = NO;
				ASSETCATALOG_COMPILER_GENERATE_SWIFT_ASSET_SYMBOL_EXTENSIONS = YES;
				CLANG_ANALYZER_NONNULL = YES;
				CLANG_ANALYZER_NUMBER_OBJECT_CONVERSION = YES_AGGRESSIVE;
				CLANG_CXX_LANGUAGE_STANDARD = "gnu++20";
				CLANG_ENABLE_MODULES = YES;
				CLANG_ENABLE_OBJC_ARC = YES;
				CLANG_ENABLE_OBJC_WEAK = YES;
				CLANG_WARN_BLOCK_CAPTURE_AUTORELEASING = YES;
				CLANG_WARN_BOOL_CONVERSION = YES;
				CLANG_WARN_COMMA = YES;
				CLANG_WARN_CONSTANT_CONVERSION = YES;
				CLANG_WARN_DEPRECATED_OBJC_IMPLEMENTATIONS = YES;
				CLANG_WARN_DIRECT_OBJC_ISA_USAGE = YES_ERROR;
				CLANG_WARN_DOCUMENTATION_COMMENTS = YES;
				CLANG_WARN_EMPTY_BODY = YES;
				CLANG_WARN_ENUM_CONVERSION = YES;
				CLANG_WARN_INFINITE_RECURSION = YES;
				CLANG_WARN_INT_CONVERSION = YES;
				CLANG_WARN_NON_LITERAL_NULL_CONVERSION = YES;
				CLANG_WARN_OBJC_IMPLICIT_RETAIN_SELF = YES;
				CLANG_WARN_OBJC_LITERAL_CONVERSION = YES;
				CLANG_WARN_OBJC_ROOT_CLASS = YES_ERROR;
				CLANG_WARN_QUOTED_INCLUDE_IN_FRAMEWORK_HEADER = YES;
				CLANG_WARN_RANGE_LOOP_ANALYSIS = YES;
				CLANG_WARN_STRICT_PROTOTYPES = YES;
				CLANG_WARN_SUSPICIOUS_MOVE = YES;
				CLANG_WARN_UNGUARDED_AVAILABILITY = YES_AGGRESSIVE;
				CLANG_WARN_UNREACHABLE_CODE = YES;
				CLANG_WARN__DUPLICATE_METHOD_MATCH = YES;
				COPY_PHASE_STRIP = NO;
				DEBUG_INFORMATION_FORMAT = "dwarf-with-dsym";
				ENABLE_NS_ASSERTIONS = NO;
				ENABLE_STRICT_OBJC_MSGSEND = YES;
				ENABLE_USER_SCRIPT_SANDBOXING = YES;
				GCC_C_LANGUAGE_STANDARD = gnu17;
				GCC_NO_COMMON_BLOCKS = YES;
				GCC_WARN_64_TO_32_BIT_CONVERSION = YES;
				GCC_WARN_ABOUT_RETURN_TYPE = YES_ERROR;
				GCC_WARN_UNDECLARED_SELECTOR = YES;
				GCC_WARN_UNINITIALIZED_AUTOS = YES_AGGRESSIVE;
				GCC_WARN_UNUSED_FUNCTION = YES;
				GCC_WARN_UNUSED_VARIABLE = YES;
				IPHONEOS_DEPLOYMENT_TARGET = 17.5;
				LOCALIZATION_PREFERS_STRING_CATALOGS = YES;
				MTL_ENABLE_DEBUG_INFO = NO;
				MTL_FAST_MATH = YES;
				SDKROOT = iphoneos;
				SWIFT_COMPILATION_MODE = wholemodule;
				VALIDATE_PRODUCT = YES;
			};
			name = Release;
		};
		342CE4932C5B92BB004C3774 /* Debug */ = {
			isa = XCBuildConfiguration;
			buildSettings = {
				ASSETCATALOG_COMPILER_APPICON_NAME = AppIcon;
				ASSETCATALOG_COMPILER_GLOBAL_ACCENT_COLOR_NAME = AccentColor;
				CODE_SIGN_STYLE = Automatic;
				CURRENT_PROJECT_VERSION = 1;
				DEVELOPMENT_ASSET_PATHS = "\"TestPhotoEditorFirebase/Preview Content\"";
				DEVELOPMENT_TEAM = U4A9CNA96C;
				ENABLE_PREVIEWS = YES;
				GENERATE_INFOPLIST_FILE = YES;
				INFOPLIST_FILE = TestPhotoEditorFirebase/Info.plist;
				INFOPLIST_KEY_NSCameraUsageDescription = "";
				INFOPLIST_KEY_UIApplicationSceneManifest_Generation = YES;
				INFOPLIST_KEY_UIApplicationSupportsIndirectInputEvents = YES;
				INFOPLIST_KEY_UILaunchScreen_Generation = YES;
				INFOPLIST_KEY_UISupportedInterfaceOrientations_iPad = "UIInterfaceOrientationPortrait UIInterfaceOrientationPortraitUpsideDown UIInterfaceOrientationLandscapeLeft UIInterfaceOrientationLandscapeRight";
				INFOPLIST_KEY_UISupportedInterfaceOrientations_iPhone = "UIInterfaceOrientationPortrait UIInterfaceOrientationLandscapeLeft UIInterfaceOrientationLandscapeRight";
				LD_RUNPATH_SEARCH_PATHS = (
					"$(inherited)",
					"@executable_path/Frameworks",
				);
				MARKETING_VERSION = 1.0;
				PRODUCT_BUNDLE_IDENTIFIER = com.hakobghlijyan.TestPhotoEditorFirebase;
				PRODUCT_NAME = "$(TARGET_NAME)";
				SWIFT_EMIT_LOC_STRINGS = YES;
				SWIFT_VERSION = 5.0;
				TARGETED_DEVICE_FAMILY = "1,2";
			};
			name = Debug;
		};
		342CE4942C5B92BB004C3774 /* Release */ = {
			isa = XCBuildConfiguration;
			buildSettings = {
				ASSETCATALOG_COMPILER_APPICON_NAME = AppIcon;
				ASSETCATALOG_COMPILER_GLOBAL_ACCENT_COLOR_NAME = AccentColor;
				CODE_SIGN_STYLE = Automatic;
				CURRENT_PROJECT_VERSION = 1;
				DEVELOPMENT_ASSET_PATHS = "\"TestPhotoEditorFirebase/Preview Content\"";
				DEVELOPMENT_TEAM = U4A9CNA96C;
				ENABLE_PREVIEWS = YES;
				GENERATE_INFOPLIST_FILE = YES;
				INFOPLIST_FILE = TestPhotoEditorFirebase/Info.plist;
				INFOPLIST_KEY_NSCameraUsageDescription = "";
				INFOPLIST_KEY_UIApplicationSceneManifest_Generation = YES;
				INFOPLIST_KEY_UIApplicationSupportsIndirectInputEvents = YES;
				INFOPLIST_KEY_UILaunchScreen_Generation = YES;
				INFOPLIST_KEY_UISupportedInterfaceOrientations_iPad = "UIInterfaceOrientationPortrait UIInterfaceOrientationPortraitUpsideDown UIInterfaceOrientationLandscapeLeft UIInterfaceOrientationLandscapeRight";
				INFOPLIST_KEY_UISupportedInterfaceOrientations_iPhone = "UIInterfaceOrientationPortrait UIInterfaceOrientationLandscapeLeft UIInterfaceOrientationLandscapeRight";
				LD_RUNPATH_SEARCH_PATHS = (
					"$(inherited)",
					"@executable_path/Frameworks",
				);
				MARKETING_VERSION = 1.0;
				PRODUCT_BUNDLE_IDENTIFIER = com.hakobghlijyan.TestPhotoEditorFirebase;
				PRODUCT_NAME = "$(TARGET_NAME)";
				SWIFT_EMIT_LOC_STRINGS = YES;
				SWIFT_VERSION = 5.0;
				TARGETED_DEVICE_FAMILY = "1,2";
			};
			name = Release;
		};
/* End XCBuildConfiguration section */

/* Begin XCConfigurationList section */
		342CE47F2C5B92BA004C3774 /* Build configuration list for PBXProject "TestPhotoEditorFirebase" */ = {
			isa = XCConfigurationList;
			buildConfigurations = (
				342CE4902C5B92BB004C3774 /* Debug */,
				342CE4912C5B92BB004C3774 /* Release */,
			);
			defaultConfigurationIsVisible = 0;
			defaultConfigurationName = Release;
		};
		342CE4922C5B92BB004C3774 /* Build configuration list for PBXNativeTarget "TestPhotoEditorFirebase" */ = {
			isa = XCConfigurationList;
			buildConfigurations = (
				342CE4932C5B92BB004C3774 /* Debug */,
				342CE4942C5B92BB004C3774 /* Release */,
			);
			defaultConfigurationIsVisible = 0;
			defaultConfigurationName = Release;
		};
/* End XCConfigurationList section */

/* Begin XCRemoteSwiftPackageReference section */
		342CE4952C5B93FA004C3774 /* XCRemoteSwiftPackageReference "GoogleSignIn-iOS" */ = {
			isa = XCRemoteSwiftPackageReference;
			repositoryURL = "https://github.com/google/GoogleSignIn-iOS";
			requirement = {
				kind = upToNextMajorVersion;
				minimumVersion = 7.1.0;
			};
		};
		342CE49A2C5B942B004C3774 /* XCRemoteSwiftPackageReference "firebase-ios-sdk" */ = {
			isa = XCRemoteSwiftPackageReference;
			repositoryURL = "https://github.com/firebase/firebase-ios-sdk";
			requirement = {
				kind = upToNextMajorVersion;
				minimumVersion = 11.0.0;
			};
		};
/* End XCRemoteSwiftPackageReference section */

/* Begin XCSwiftPackageProductDependency section */
		342CE4962C5B93FA004C3774 /* GoogleSignIn */ = {
			isa = XCSwiftPackageProductDependency;
			package = 342CE4952C5B93FA004C3774 /* XCRemoteSwiftPackageReference "GoogleSignIn-iOS" */;
			productName = GoogleSignIn;
		};
		342CE4982C5B93FA004C3774 /* GoogleSignInSwift */ = {
			isa = XCSwiftPackageProductDependency;
			package = 342CE4952C5B93FA004C3774 /* XCRemoteSwiftPackageReference "GoogleSignIn-iOS" */;
			productName = GoogleSignInSwift;
		};
		342CE49B2C5B942B004C3774 /* FirebaseAnalytics */ = {
			isa = XCSwiftPackageProductDependency;
			package = 342CE49A2C5B942B004C3774 /* XCRemoteSwiftPackageReference "firebase-ios-sdk" */;
			productName = FirebaseAnalytics;
		};
		342CE49D2C5B942B004C3774 /* FirebaseAuth */ = {
			isa = XCSwiftPackageProductDependency;
			package = 342CE49A2C5B942B004C3774 /* XCRemoteSwiftPackageReference "firebase-ios-sdk" */;
			productName = FirebaseAuth;
		};
/* End XCSwiftPackageProductDependency section */
	};
	rootObject = 342CE47C2C5B92BA004C3774 /* Project object */;
}
